
Microsoft Visual Studio Solution File, Format Version 12.00
Project("{FAE04EC0-301F-11D3-BF4B-00C04F79EFBC}") = "zadanie", "zadanie\zadanie.csproj", "{870E8911-3BBB-40BC-908E-CEB1878DEEFF}"
EndProject
Global
	GlobalSection(SolutionConfigurationPlatforms) = preSolution
		Debug|Any CPU = Debug|Any CPU
		Release|Any CPU = Release|Any CPU
	EndGlobalSection
	GlobalSection(ProjectConfigurationPlatforms) = postSolution
		{870E8911-3BBB-40BC-908E-CEB1878DEEFF}.Debug|Any CPU.ActiveCfg = Debug|Any CPU
		{870E8911-3BBB-40BC-908E-CEB1878DEEFF}.Debug|Any CPU.Build.0 = Debug|Any CPU
		{870E8911-3BBB-40BC-908E-CEB1878DEEFF}.Release|Any CPU.ActiveCfg = Release|Any CPU
		{870E8911-3BBB-40BC-908E-CEB1878DEEFF}.Release|Any CPU.Build.0 = Release|Any CPU
	EndGlobalSection
EndGlobal
